
Microsoft Visual Studio Solution File, Format Version 12.00
# Visual Studio Version 17
VisualStudioVersion = 17.9.34622.214
MinimumVisualStudioVersion = 10.0.40219.1
Project("{9A19103F-16F7-4668-BE54-9A1E7A4F7556}") = "Adapter", "Adapter.csproj", "{BE1834E6-2C13-430B-9D5C-1032210A917B}"
EndProject
Project("{9A19103F-16F7-4668-BE54-9A1E7A4F7556}") = "CQRS", "CommandQuery\CQRS.csproj", "{A4A85100-3F22-4763-BF40-258A223FC0BB}"
EndProject
Global
	GlobalSection(SolutionConfigurationPlatforms) = preSolution
		Debug|Any CPU = Debug|Any CPU
		Release|Any CPU = Release|Any CPU
	EndGlobalSection
	GlobalSection(ProjectConfigurationPlatforms) = postSolution
		{BE1834E6-2C13-430B-9D5C-1032210A917B}.Debug|Any CPU.ActiveCfg = Debug|Any CPU
		{BE1834E6-2C13-430B-9D5C-1032210A917B}.Debug|Any CPU.Build.0 = Debug|Any CPU
		{BE1834E6-2C13-430B-9D5C-1032210A917B}.Release|Any CPU.ActiveCfg = Release|Any CPU
		{BE1834E6-2C13-430B-9D5C-1032210A917B}.Release|Any CPU.Build.0 = Release|Any CPU
		{A4A85100-3F22-4763-BF40-258A223FC0BB}.Debug|Any CPU.ActiveCfg = Debug|Any CPU
		{A4A85100-3F22-4763-BF40-258A223FC0BB}.Debug|Any CPU.Build.0 = Debug|Any CPU
		{A4A85100-3F22-4763-BF40-258A223FC0BB}.Release|Any CPU.ActiveCfg = Release|Any CPU
		{A4A85100-3F22-4763-BF40-258A223FC0BB}.Release|Any CPU.Build.0 = Release|Any CPU
	EndGlobalSection
	GlobalSection(SolutionProperties) = preSolution
		HideSolutionNode = FALSE
	EndGlobalSection
	GlobalSection(ExtensibilityGlobals) = postSolution
		SolutionGuid = {55F67478-5BE0-45CA-8036-B3C790B499A8}
	EndGlobalSection
EndGlobal
