
Microsoft Visual Studio Solution File, Format Version 12.00
# Visual Studio Version 17
VisualStudioVersion = 17.8.34525.116
MinimumVisualStudioVersion = 10.0.40219.1
Project("{FAE04EC0-301F-11D3-BF4B-00C04F79EFBC}") = "IdentityApi", "IdentityApi.csproj", "{4E87ECC1-DFA1-4C4F-9B99-760BCAA872EE}"
EndProject
Global
	GlobalSection(SolutionConfigurationPlatforms) = preSolution
		Debug|Any CPU = Debug|Any CPU
		Release|Any CPU = Release|Any CPU
	EndGlobalSection
	GlobalSection(ProjectConfigurationPlatforms) = postSolution
		{4E87ECC1-DFA1-4C4F-9B99-760BCAA872EE}.Debug|Any CPU.ActiveCfg = Debug|Any CPU
		{4E87ECC1-DFA1-4C4F-9B99-760BCAA872EE}.Debug|Any CPU.Build.0 = Debug|Any CPU
		{4E87ECC1-DFA1-4C4F-9B99-760BCAA872EE}.Release|Any CPU.ActiveCfg = Release|Any CPU
		{4E87ECC1-DFA1-4C4F-9B99-760BCAA872EE}.Release|Any CPU.Build.0 = Release|Any CPU
	EndGlobalSection
	GlobalSection(SolutionProperties) = preSolution
		HideSolutionNode = FALSE
	EndGlobalSection
	GlobalSection(ExtensibilityGlobals) = postSolution
		SolutionGuid = {AA6563A8-405E-4B20-971A-9AAB4DB27298}
	EndGlobalSection
EndGlobal
